
Microsoft Visual Studio Solution File, Format Version 12.00
# Visual Studio Version 16
VisualStudioVersion = 16.0.30804.86
MinimumVisualStudioVersion = 10.0.40219.1
Project("{9A19103F-16F7-4668-BE54-9A1E7A4F7556}") = "MessageCase.Data", "MessageCase.Data\MessageCase.Data.csproj", "{FD516C00-08C8-4ED1-83FE-052F54809F0D}"
EndProject
Project("{9A19103F-16F7-4668-BE54-9A1E7A4F7556}") = "MessageCase.API", "MessageCase.API\MessageCase.API.csproj", "{AF4EE998-AD05-4497-A097-B9B19C60D0AB}"
EndProject
Project("{9A19103F-16F7-4668-BE54-9A1E7A4F7556}") = "MessageCase.Repository", "MessageCase.Repository\MessageCase.Repository.csproj", "{445A5A27-BF25-4AA7-8835-D90DB8323158}"
EndProject
Project("{9A19103F-16F7-4668-BE54-9A1E7A4F7556}") = "MessageCase.Test", "MessageCase.Test\MessageCase.Test.csproj", "{3420C034-F2C1-4CA7-9446-2917125BF821}"
EndProject
Project("{E53339B2-1760-4266-BCC7-CA923CBCF16C}") = "docker-compose", "docker-compose.dcproj", "{32A3298A-203D-4767-BC9A-471782BF7AEE}"
EndProject
Global
	GlobalSection(SolutionConfigurationPlatforms) = preSolution
		Debug|Any CPU = Debug|Any CPU
		Release|Any CPU = Release|Any CPU
	EndGlobalSection
	GlobalSection(ProjectConfigurationPlatforms) = postSolution
		{FD516C00-08C8-4ED1-83FE-052F54809F0D}.Debug|Any CPU.ActiveCfg = Debug|Any CPU
		{FD516C00-08C8-4ED1-83FE-052F54809F0D}.Debug|Any CPU.Build.0 = Debug|Any CPU
		{FD516C00-08C8-4ED1-83FE-052F54809F0D}.Release|Any CPU.ActiveCfg = Release|Any CPU
		{FD516C00-08C8-4ED1-83FE-052F54809F0D}.Release|Any CPU.Build.0 = Release|Any CPU
		{AF4EE998-AD05-4497-A097-B9B19C60D0AB}.Debug|Any CPU.ActiveCfg = Debug|Any CPU
		{AF4EE998-AD05-4497-A097-B9B19C60D0AB}.Debug|Any CPU.Build.0 = Debug|Any CPU
		{AF4EE998-AD05-4497-A097-B9B19C60D0AB}.Release|Any CPU.ActiveCfg = Release|Any CPU
		{AF4EE998-AD05-4497-A097-B9B19C60D0AB}.Release|Any CPU.Build.0 = Release|Any CPU
		{445A5A27-BF25-4AA7-8835-D90DB8323158}.Debug|Any CPU.ActiveCfg = Debug|Any CPU
		{445A5A27-BF25-4AA7-8835-D90DB8323158}.Debug|Any CPU.Build.0 = Debug|Any CPU
		{445A5A27-BF25-4AA7-8835-D90DB8323158}.Release|Any CPU.ActiveCfg = Release|Any CPU
		{445A5A27-BF25-4AA7-8835-D90DB8323158}.Release|Any CPU.Build.0 = Release|Any CPU
		{3420C034-F2C1-4CA7-9446-2917125BF821}.Debug|Any CPU.ActiveCfg = Debug|Any CPU
		{3420C034-F2C1-4CA7-9446-2917125BF821}.Debug|Any CPU.Build.0 = Debug|Any CPU
		{3420C034-F2C1-4CA7-9446-2917125BF821}.Release|Any CPU.ActiveCfg = Release|Any CPU
		{3420C034-F2C1-4CA7-9446-2917125BF821}.Release|Any CPU.Build.0 = Release|Any CPU
		{32A3298A-203D-4767-BC9A-471782BF7AEE}.Debug|Any CPU.ActiveCfg = Debug|Any CPU
		{32A3298A-203D-4767-BC9A-471782BF7AEE}.Debug|Any CPU.Build.0 = Debug|Any CPU
		{32A3298A-203D-4767-BC9A-471782BF7AEE}.Release|Any CPU.ActiveCfg = Release|Any CPU
		{32A3298A-203D-4767-BC9A-471782BF7AEE}.Release|Any CPU.Build.0 = Release|Any CPU
	EndGlobalSection
	GlobalSection(SolutionProperties) = preSolution
		HideSolutionNode = FALSE
	EndGlobalSection
	GlobalSection(ExtensibilityGlobals) = postSolution
		SolutionGuid = {F0FDB85A-8529-4F04-BC96-BA06FC4AFCC1}
	EndGlobalSection
EndGlobal
